
Microsoft Visual Studio Solution File, Format Version 12.00
# Visual Studio Version 16
VisualStudioVersion = 16.0.30320.27
MinimumVisualStudioVersion = 10.0.40219.1
Project("{FAE04EC0-301F-11D3-BF4B-00C04F79EFBC}") = "TLDR.ClassLibraryTemplate", "TLDR.ClassLibraryTemplate\TLDR.ClassLibraryTemplate.csproj", "{C7CB20AE-9AFF-48D4-BE58-129F86F4E487}"
EndProject
Project("{FAE04EC0-301F-11D3-BF4B-00C04F79EFBC}") = "TLDR.ClassLibraryTemplate.UnitTests", "TLDR.ClassLibraryTemplate.UnitTests\TLDR.ClassLibraryTemplate.UnitTests.csproj", "{7EA22497-4266-4014-BAB9-9C241A3B3156}"
EndProject
Global
	GlobalSection(SolutionConfigurationPlatforms) = preSolution
		Debug|Any CPU = Debug|Any CPU
		Release|Any CPU = Release|Any CPU
	EndGlobalSection
	GlobalSection(ProjectConfigurationPlatforms) = postSolution
		{C7CB20AE-9AFF-48D4-BE58-129F86F4E487}.Debug|Any CPU.ActiveCfg = Debug|Any CPU
		{C7CB20AE-9AFF-48D4-BE58-129F86F4E487}.Debug|Any CPU.Build.0 = Debug|Any CPU
		{C7CB20AE-9AFF-48D4-BE58-129F86F4E487}.Release|Any CPU.ActiveCfg = Release|Any CPU
		{C7CB20AE-9AFF-48D4-BE58-129F86F4E487}.Release|Any CPU.Build.0 = Release|Any CPU
		{7EA22497-4266-4014-BAB9-9C241A3B3156}.Debug|Any CPU.ActiveCfg = Debug|Any CPU
		{7EA22497-4266-4014-BAB9-9C241A3B3156}.Debug|Any CPU.Build.0 = Debug|Any CPU
		{7EA22497-4266-4014-BAB9-9C241A3B3156}.Release|Any CPU.ActiveCfg = Release|Any CPU
		{7EA22497-4266-4014-BAB9-9C241A3B3156}.Release|Any CPU.Build.0 = Release|Any CPU
	EndGlobalSection
	GlobalSection(SolutionProperties) = preSolution
		HideSolutionNode = FALSE
	EndGlobalSection
	GlobalSection(ExtensibilityGlobals) = postSolution
		SolutionGuid = {F8CE41E6-3BAA-429E-9C1A-EBBBCCA0C6AC}
	EndGlobalSection
EndGlobal
